
Microsoft Visual Studio Solution File, Format Version 12.00
# Visual Studio Version 17
VisualStudioVersion = 17.0.32112.339
MinimumVisualStudioVersion = 10.0.40219.1
Project("{FAE04EC0-301F-11D3-BF4B-00C04F79EFBC}") = "013_DataTypes_And_Variables_2", "013_DataTypes_And_Variables_2\013_DataTypes_And_Variables_2.csproj", "{BF24158F-8EA4-4F81-A381-045BE6A0DD5D}"
EndProject
Global
	GlobalSection(SolutionConfigurationPlatforms) = preSolution
		Debug|Any CPU = Debug|Any CPU
		Release|Any CPU = Release|Any CPU
	EndGlobalSection
	GlobalSection(ProjectConfigurationPlatforms) = postSolution
		{BF24158F-8EA4-4F81-A381-045BE6A0DD5D}.Debug|Any CPU.ActiveCfg = Debug|Any CPU
		{BF24158F-8EA4-4F81-A381-045BE6A0DD5D}.Debug|Any CPU.Build.0 = Debug|Any CPU
		{BF24158F-8EA4-4F81-A381-045BE6A0DD5D}.Release|Any CPU.ActiveCfg = Release|Any CPU
		{BF24158F-8EA4-4F81-A381-045BE6A0DD5D}.Release|Any CPU.Build.0 = Release|Any CPU
	EndGlobalSection
	GlobalSection(SolutionProperties) = preSolution
		HideSolutionNode = FALSE
	EndGlobalSection
	GlobalSection(ExtensibilityGlobals) = postSolution
		SolutionGuid = {E62CA265-6620-4113-8C38-8141D7DA6442}
	EndGlobalSection
EndGlobal
